
Microsoft Visual Studio Solution File, Format Version 12.00
# Visual Studio 14
VisualStudioVersion = 14.0.25123.0
MinimumVisualStudioVersion = 10.0.40219.1
Project("{2150E333-8FDC-42A3-9474-1A3956D46DE8}") = "Solution Items", "Solution Items", "{3C5E8CEB-866E-471C-90AF-020E71A86AB7}"
	ProjectSection(SolutionItems) = preProject
		global.json = global.json
	EndProjectSection
EndProject
Project("{2150E333-8FDC-42A3-9474-1A3956D46DE8}") = "src", "src", "{32A7AB4C-C3C8-446E-8AC8-4DF978111F86}"
EndProject
Project("{2150E333-8FDC-42A3-9474-1A3956D46DE8}") = "tests", "tests", "{6C17D83C-342E-4EFD-BBCA-D2D41E88AC45}"
EndProject
Project("{8BB2217D-0F2D-49D1-97BC-3654ED321F3B}") = "msgpack", "src\msgpack\msgpack.xproj", "{26884D70-2D12-46AC-884E-158E10E9314A}"
EndProject
Project("{8BB2217D-0F2D-49D1-97BC-3654ED321F3B}") = "msgpack.tests", "tests\msgpack.tests\msgpack.tests.xproj", "{DBE7481B-65ED-4729-B611-8BDDE87766C3}"
EndProject
Project("{FAE04EC0-301F-11D3-BF4B-00C04F79EFBC}") = "msgpack.tests.VS", "tests\msgpack.tests\VS\msgpack.tests.VS.csproj", "{DBCC133C-83D3-42B8-92DB-B9ACDE475BE7}"
EndProject
Project("{FAE04EC0-301F-11D3-BF4B-00C04F79EFBC}") = "msgpack.VS", "src\msgpack\VS\msgpack.VS.csproj", "{2F96BC33-6B63-464D-82B8-A99C90CCF33F}"
EndProject
Global
	GlobalSection(SolutionConfigurationPlatforms) = preSolution
		Debug|Any CPU = Debug|Any CPU
		Release|Any CPU = Release|Any CPU
	EndGlobalSection
	GlobalSection(ProjectConfigurationPlatforms) = postSolution
		{26884D70-2D12-46AC-884E-158E10E9314A}.Debug|Any CPU.ActiveCfg = Debug|Any CPU
		{26884D70-2D12-46AC-884E-158E10E9314A}.Debug|Any CPU.Build.0 = Debug|Any CPU
		{26884D70-2D12-46AC-884E-158E10E9314A}.Release|Any CPU.ActiveCfg = Release|Any CPU
		{26884D70-2D12-46AC-884E-158E10E9314A}.Release|Any CPU.Build.0 = Release|Any CPU
		{DBE7481B-65ED-4729-B611-8BDDE87766C3}.Debug|Any CPU.ActiveCfg = Debug|Any CPU
		{DBE7481B-65ED-4729-B611-8BDDE87766C3}.Debug|Any CPU.Build.0 = Debug|Any CPU
		{DBE7481B-65ED-4729-B611-8BDDE87766C3}.Release|Any CPU.ActiveCfg = Release|Any CPU
		{DBE7481B-65ED-4729-B611-8BDDE87766C3}.Release|Any CPU.Build.0 = Release|Any CPU
		{DBCC133C-83D3-42B8-92DB-B9ACDE475BE7}.Debug|Any CPU.ActiveCfg = Debug|Any CPU
		{DBCC133C-83D3-42B8-92DB-B9ACDE475BE7}.Debug|Any CPU.Build.0 = Debug|Any CPU
		{DBCC133C-83D3-42B8-92DB-B9ACDE475BE7}.Release|Any CPU.ActiveCfg = Release|Any CPU
		{DBCC133C-83D3-42B8-92DB-B9ACDE475BE7}.Release|Any CPU.Build.0 = Release|Any CPU
		{2F96BC33-6B63-464D-82B8-A99C90CCF33F}.Debug|Any CPU.ActiveCfg = Debug|Any CPU
		{2F96BC33-6B63-464D-82B8-A99C90CCF33F}.Debug|Any CPU.Build.0 = Debug|Any CPU
		{2F96BC33-6B63-464D-82B8-A99C90CCF33F}.Release|Any CPU.ActiveCfg = Release|Any CPU
		{2F96BC33-6B63-464D-82B8-A99C90CCF33F}.Release|Any CPU.Build.0 = Release|Any CPU
	EndGlobalSection
	GlobalSection(SolutionProperties) = preSolution
		HideSolutionNode = FALSE
	EndGlobalSection
	GlobalSection(NestedProjects) = preSolution
		{26884D70-2D12-46AC-884E-158E10E9314A} = {32A7AB4C-C3C8-446E-8AC8-4DF978111F86}
		{DBE7481B-65ED-4729-B611-8BDDE87766C3} = {6C17D83C-342E-4EFD-BBCA-D2D41E88AC45}
		{DBCC133C-83D3-42B8-92DB-B9ACDE475BE7} = {6C17D83C-342E-4EFD-BBCA-D2D41E88AC45}
		{2F96BC33-6B63-464D-82B8-A99C90CCF33F} = {32A7AB4C-C3C8-446E-8AC8-4DF978111F86}
	EndGlobalSection
EndGlobal
