
Microsoft Visual Studio Solution File, Format Version 12.00
# Visual Studio 14
VisualStudioVersion = 14.0.25420.1
MinimumVisualStudioVersion = 10.0.40219.1
Project("{FAE04EC0-301F-11D3-BF4B-00C04F79EFBC}") = "tarantool.client", "src\tarantool.client\tarantool.client.csproj", "{5209673F-EB12-456A-B0FF-88F0C6989274}"
EndProject
Project("{FAE04EC0-301F-11D3-BF4B-00C04F79EFBC}") = "tarantool.client.tests", "tests\tarantool.client.tests\tarantool.client.tests.csproj", "{EA37EC20-4C86-4C75-B0DF-FB3211CE7A53}"
EndProject
Project("{2150E333-8FDC-42A3-9474-1A3956D46DE8}") = "Solution Items", "Solution Items", "{A06F489E-1F82-425A-BAFC-68E193964C89}"
	ProjectSection(SolutionItems) = preProject
		appveyor.yml = appveyor.yml
		scripts\install\docker.cmd = scripts\install\docker.cmd
		scripts\install\vagrant.cmd = scripts\install\vagrant.cmd
		Vagrantfile = Vagrantfile
	EndProjectSection
EndProject
Global
	GlobalSection(SolutionConfigurationPlatforms) = preSolution
		Debug|Any CPU = Debug|Any CPU
		Release|Any CPU = Release|Any CPU
	EndGlobalSection
	GlobalSection(ProjectConfigurationPlatforms) = postSolution
		{5209673F-EB12-456A-B0FF-88F0C6989274}.Debug|Any CPU.ActiveCfg = Debug|Any CPU
		{5209673F-EB12-456A-B0FF-88F0C6989274}.Debug|Any CPU.Build.0 = Debug|Any CPU
		{5209673F-EB12-456A-B0FF-88F0C6989274}.Release|Any CPU.ActiveCfg = Release|Any CPU
		{5209673F-EB12-456A-B0FF-88F0C6989274}.Release|Any CPU.Build.0 = Release|Any CPU
		{EA37EC20-4C86-4C75-B0DF-FB3211CE7A53}.Debug|Any CPU.ActiveCfg = Debug|Any CPU
		{EA37EC20-4C86-4C75-B0DF-FB3211CE7A53}.Debug|Any CPU.Build.0 = Debug|Any CPU
		{EA37EC20-4C86-4C75-B0DF-FB3211CE7A53}.Release|Any CPU.ActiveCfg = Release|Any CPU
		{EA37EC20-4C86-4C75-B0DF-FB3211CE7A53}.Release|Any CPU.Build.0 = Release|Any CPU
	EndGlobalSection
	GlobalSection(SolutionProperties) = preSolution
		HideSolutionNode = FALSE
	EndGlobalSection
EndGlobal
