
Microsoft Visual Studio Solution File, Format Version 12.00
# Visual Studio 14
VisualStudioVersion = 14.0.25123.0
MinimumVisualStudioVersion = 10.0.40219.1
Project("{2150E333-8FDC-42A3-9474-1A3956D46DE8}") = "Solution Items", "Solution Items", "{3C5E8CEB-866E-471C-90AF-020E71A86AB7}"
	ProjectSection(SolutionItems) = preProject
		.travis.yml = .travis.yml
		appveyor.yml = appveyor.yml
		global.json = global.json
	EndProjectSection
EndProject
Project("{2150E333-8FDC-42A3-9474-1A3956D46DE8}") = "src", "src", "{32A7AB4C-C3C8-446E-8AC8-4DF978111F86}"
EndProject
Project("{2150E333-8FDC-42A3-9474-1A3956D46DE8}") = "tests", "tests", "{6C17D83C-342E-4EFD-BBCA-D2D41E88AC45}"
EndProject
Project("{8BB2217D-0F2D-49D1-97BC-3654ED321F3B}") = "iproto", "src\iproto\iproto.xproj", "{27FF1E55-3854-4EF5-B8B0-3344C599B14A}"
EndProject
Project("{8BB2217D-0F2D-49D1-97BC-3654ED321F3B}") = "tarantool-client", "src\tarantool-client\tarantool-client.xproj", "{B0D70F53-CF2F-4B26-841D-B6871FAA84DC}"
EndProject
Project("{8BB2217D-0F2D-49D1-97BC-3654ED321F3B}") = "iproto.tests", "tests\iproto.tests\iproto.tests.xproj", "{ECF2BC78-AD7D-4316-B1AB-6534D6F0A5A8}"
EndProject
Project("{8BB2217D-0F2D-49D1-97BC-3654ED321F3B}") = "tarantool-client.test", "tests\tarantool-client.test\tarantool-client.test.xproj", "{B3DCE87D-E8D6-411B-A521-412EED494AE4}"
EndProject
Global
	GlobalSection(SolutionConfigurationPlatforms) = preSolution
		Debug|Any CPU = Debug|Any CPU
		Release|Any CPU = Release|Any CPU
	EndGlobalSection
	GlobalSection(ProjectConfigurationPlatforms) = postSolution
		{27FF1E55-3854-4EF5-B8B0-3344C599B14A}.Debug|Any CPU.ActiveCfg = Debug|Any CPU
		{27FF1E55-3854-4EF5-B8B0-3344C599B14A}.Debug|Any CPU.Build.0 = Debug|Any CPU
		{27FF1E55-3854-4EF5-B8B0-3344C599B14A}.Release|Any CPU.ActiveCfg = Release|Any CPU
		{27FF1E55-3854-4EF5-B8B0-3344C599B14A}.Release|Any CPU.Build.0 = Release|Any CPU
		{B0D70F53-CF2F-4B26-841D-B6871FAA84DC}.Debug|Any CPU.ActiveCfg = Debug|Any CPU
		{B0D70F53-CF2F-4B26-841D-B6871FAA84DC}.Debug|Any CPU.Build.0 = Debug|Any CPU
		{B0D70F53-CF2F-4B26-841D-B6871FAA84DC}.Release|Any CPU.ActiveCfg = Release|Any CPU
		{B0D70F53-CF2F-4B26-841D-B6871FAA84DC}.Release|Any CPU.Build.0 = Release|Any CPU
		{ECF2BC78-AD7D-4316-B1AB-6534D6F0A5A8}.Debug|Any CPU.ActiveCfg = Debug|Any CPU
		{ECF2BC78-AD7D-4316-B1AB-6534D6F0A5A8}.Debug|Any CPU.Build.0 = Debug|Any CPU
		{ECF2BC78-AD7D-4316-B1AB-6534D6F0A5A8}.Release|Any CPU.ActiveCfg = Release|Any CPU
		{ECF2BC78-AD7D-4316-B1AB-6534D6F0A5A8}.Release|Any CPU.Build.0 = Release|Any CPU
		{B3DCE87D-E8D6-411B-A521-412EED494AE4}.Debug|Any CPU.ActiveCfg = Debug|Any CPU
		{B3DCE87D-E8D6-411B-A521-412EED494AE4}.Debug|Any CPU.Build.0 = Debug|Any CPU
		{B3DCE87D-E8D6-411B-A521-412EED494AE4}.Release|Any CPU.ActiveCfg = Release|Any CPU
		{B3DCE87D-E8D6-411B-A521-412EED494AE4}.Release|Any CPU.Build.0 = Release|Any CPU
	EndGlobalSection
	GlobalSection(SolutionProperties) = preSolution
		HideSolutionNode = FALSE
	EndGlobalSection
	GlobalSection(NestedProjects) = preSolution
		{27FF1E55-3854-4EF5-B8B0-3344C599B14A} = {32A7AB4C-C3C8-446E-8AC8-4DF978111F86}
		{B0D70F53-CF2F-4B26-841D-B6871FAA84DC} = {32A7AB4C-C3C8-446E-8AC8-4DF978111F86}
		{ECF2BC78-AD7D-4316-B1AB-6534D6F0A5A8} = {6C17D83C-342E-4EFD-BBCA-D2D41E88AC45}
		{B3DCE87D-E8D6-411B-A521-412EED494AE4} = {6C17D83C-342E-4EFD-BBCA-D2D41E88AC45}
	EndGlobalSection
EndGlobal
