
Microsoft Visual Studio Solution File, Format Version 12.00
# Visual Studio 14
VisualStudioVersion = 14.0.25123.0
MinimumVisualStudioVersion = 10.0.40219.1
Project("{FAE04EC0-301F-11D3-BF4B-00C04F79EFBC}") = "iproto.VS", "..\src\iproto\VS\iproto.VS.csproj", "{069C0303-362B-4E81-9775-33F99BD4B20D}"
EndProject
Project("{FAE04EC0-301F-11D3-BF4B-00C04F79EFBC}") = "tarantool-client.VS", "..\src\tarantool-client\VS\tarantool-client.VS.csproj", "{7A18460B-BE46-4D29-AA8B-6CF3B5873F29}"
EndProject
Project("{FAE04EC0-301F-11D3-BF4B-00C04F79EFBC}") = "iproto.tests.VS", "..\tests\iproto.tests\VS\iproto.tests.VS.csproj", "{F26B6382-39EA-434B-B679-6CB274B4E35E}"
EndProject
Project("{FAE04EC0-301F-11D3-BF4B-00C04F79EFBC}") = "tarantool-client.test.VS", "..\tests\tarantool-client.test\VS\tarantool-client.test.VS.csproj", "{E3C33D51-B6D1-4038-8354-C6C7197882ED}"
EndProject
Global
	GlobalSection(SolutionConfigurationPlatforms) = preSolution
		Debug|Any CPU = Debug|Any CPU
		Release|Any CPU = Release|Any CPU
	EndGlobalSection
	GlobalSection(ProjectConfigurationPlatforms) = postSolution
		{069C0303-362B-4E81-9775-33F99BD4B20D}.Debug|Any CPU.ActiveCfg = Debug|Any CPU
		{069C0303-362B-4E81-9775-33F99BD4B20D}.Debug|Any CPU.Build.0 = Debug|Any CPU
		{069C0303-362B-4E81-9775-33F99BD4B20D}.Release|Any CPU.ActiveCfg = Release|Any CPU
		{069C0303-362B-4E81-9775-33F99BD4B20D}.Release|Any CPU.Build.0 = Release|Any CPU
		{7A18460B-BE46-4D29-AA8B-6CF3B5873F29}.Debug|Any CPU.ActiveCfg = Debug|Any CPU
		{7A18460B-BE46-4D29-AA8B-6CF3B5873F29}.Debug|Any CPU.Build.0 = Debug|Any CPU
		{7A18460B-BE46-4D29-AA8B-6CF3B5873F29}.Release|Any CPU.ActiveCfg = Release|Any CPU
		{7A18460B-BE46-4D29-AA8B-6CF3B5873F29}.Release|Any CPU.Build.0 = Release|Any CPU
		{F26B6382-39EA-434B-B679-6CB274B4E35E}.Debug|Any CPU.ActiveCfg = Debug|Any CPU
		{F26B6382-39EA-434B-B679-6CB274B4E35E}.Debug|Any CPU.Build.0 = Debug|Any CPU
		{F26B6382-39EA-434B-B679-6CB274B4E35E}.Release|Any CPU.ActiveCfg = Release|Any CPU
		{F26B6382-39EA-434B-B679-6CB274B4E35E}.Release|Any CPU.Build.0 = Release|Any CPU
		{E3C33D51-B6D1-4038-8354-C6C7197882ED}.Debug|Any CPU.ActiveCfg = Debug|Any CPU
		{E3C33D51-B6D1-4038-8354-C6C7197882ED}.Debug|Any CPU.Build.0 = Debug|Any CPU
		{E3C33D51-B6D1-4038-8354-C6C7197882ED}.Release|Any CPU.ActiveCfg = Release|Any CPU
		{E3C33D51-B6D1-4038-8354-C6C7197882ED}.Release|Any CPU.Build.0 = Release|Any CPU
	EndGlobalSection
	GlobalSection(SolutionProperties) = preSolution
		HideSolutionNode = FALSE
	EndGlobalSection
EndGlobal
